
Microsoft Visual Studio Solution File, Format Version 12.00
# Visual Studio Version 17
VisualStudioVersion = 17.7.34202.233
MinimumVisualStudioVersion = 10.0.40219.1
Project("{FAE04EC0-301F-11D3-BF4B-00C04F79EFBC}") = "appalgumacoisabuffet", "appalgumacoisabuffet\appalgumacoisabuffet.csproj", "{2BA87053-8F00-4251-9D52-A01A72416841}"
EndProject
Global
	GlobalSection(SolutionConfigurationPlatforms) = preSolution
		Debug|Any CPU = Debug|Any CPU
		Release|Any CPU = Release|Any CPU
	EndGlobalSection
	GlobalSection(ProjectConfigurationPlatforms) = postSolution
		{2BA87053-8F00-4251-9D52-A01A72416841}.Debug|Any CPU.ActiveCfg = Debug|Any CPU
		{2BA87053-8F00-4251-9D52-A01A72416841}.Debug|Any CPU.Build.0 = Debug|Any CPU
		{2BA87053-8F00-4251-9D52-A01A72416841}.Release|Any CPU.ActiveCfg = Release|Any CPU
		{2BA87053-8F00-4251-9D52-A01A72416841}.Release|Any CPU.Build.0 = Release|Any CPU
	EndGlobalSection
	GlobalSection(SolutionProperties) = preSolution
		HideSolutionNode = FALSE
	EndGlobalSection
	GlobalSection(ExtensibilityGlobals) = postSolution
		SolutionGuid = {1BB9834B-B9A8-4766-9664-9D1FD90BD0EB}
	EndGlobalSection
EndGlobal
